<?xml version="1.0" encoding="utf-8"?>
<Project ToolsVersion="4.0" xmlns="http://schemas.microsoft.com/developer/msbuild/2003">
  <ItemGroup>
    <Filter Include="Core">
      <UniqueIdentifier>{54e54c95-8ee6-4b6d-a6c4-db35353d77fa}</UniqueIdentifier>
    </Filter>
    <Filter Include="Core\Utils">
      <UniqueIdentifier>{d1494516-e15c-475d-b00e-4e45ea85da8d}</UniqueIdentifier>
    </Filter>
  </ItemGroup>
  <ItemGroup>
    <ClInclude Include="Core\Analyzer.h">
      <Filter>Core</Filter>
    </ClInclude>
    <ClInclude Include="Core\AvPullStream.h">
      <Filter>Core</Filter>
    </ClInclude>
    <ClInclude Include="Core\AvPushStream.h">
      <Filter>Core</Filter>
    </ClInclude>
    <ClInclude Include="Core\Config.h">
      <Filter>Core</Filter>
    </ClInclude>
    <ClInclude Include="Core\Control.h">
      <Filter>Core</Filter>
    </ClInclude>
    <ClInclude Include="Core\Server.h">
      <Filter>Core</Filter>
    </ClInclude>
    <ClInclude Include="Core\Utils\Base64.h">
      <Filter>Core\Utils</Filter>
    </ClInclude>
    <ClInclude Include="Core\Utils\Common.h">
      <Filter>Core\Utils</Filter>
    </ClInclude>
    <ClInclude Include="Core\Utils\Log.h">
      <Filter>Core\Utils</Filter>
    </ClInclude>
    <ClInclude Include="Core\Utils\Request.h">
      <Filter>Core\Utils</Filter>
    </ClInclude>
    <ClInclude Include="Core\Utils\Version.h">
      <Filter>Core\Utils</Filter>
    </ClInclude>
    <ClInclude Include="Core\Algorithm.h">
      <Filter>Core</Filter>
    </ClInclude>
    <ClInclude Include="Core\Worker.h">
      <Filter>Core</Filter>
    </ClInclude>
    <ClInclude Include="Core\Scheduler.h">
      <Filter>Core</Filter>
    </ClInclude>
    <ClInclude Include="Core\Frame.h">
      <Filter>Core</Filter>
    </ClInclude>
    <ClInclude Include="Core\GenerateAlarmVideo.h">
      <Filter>Core</Filter>
    </ClInclude>
    <ClInclude Include="Core\AlgorithmOnnxRuntime.h">
      <Filter>Core</Filter>
    </ClInclude>
    <ClInclude Include="Core\Utils\CalcuIOU.h">
      <Filter>Core\Utils</Filter>
    </ClInclude>
  </ItemGroup>
  <ItemGroup>
    <ClCompile Include="Core\Analyzer.cpp">
      <Filter>Core</Filter>
    </ClCompile>
    <ClCompile Include="Core\AvPullStream.cpp">
      <Filter>Core</Filter>
    </ClCompile>
    <ClCompile Include="Core\AvPushStream.cpp">
      <Filter>Core</Filter>
    </ClCompile>
    <ClCompile Include="Core\Config.cpp">
      <Filter>Core</Filter>
    </ClCompile>
    <ClCompile Include="Core\Server.cpp">
      <Filter>Core</Filter>
    </ClCompile>
    <ClCompile Include="main.cpp" />
    <ClCompile Include="Core\Utils\Request.cpp">
      <Filter>Core\Utils</Filter>
    </ClCompile>
    <ClCompile Include="Core\Algorithm.cpp">
      <Filter>Core</Filter>
    </ClCompile>
    <ClCompile Include="Core\Worker.cpp">
      <Filter>Core</Filter>
    </ClCompile>
    <ClCompile Include="Core\Scheduler.cpp">
      <Filter>Core</Filter>
    </ClCompile>
    <ClCompile Include="Core\Frame.cpp">
      <Filter>Core</Filter>
    </ClCompile>
    <ClCompile Include="Core\GenerateAlarmVideo.cpp">
      <Filter>Core</Filter>
    </ClCompile>
    <ClCompile Include="Core\AlgorithmOnnxRuntime.cpp">
      <Filter>Core</Filter>
    </ClCompile>
    <ClCompile Include="Core\Utils\CalcuIOU.cpp">
      <Filter>Core\Utils</Filter>
    </ClCompile>
  </ItemGroup>
  <ItemGroup>
    <Text Include="..\CMakeLists.txt" />
  </ItemGroup>
</Project>